{
  "projects": [
    {
      "projectId": "eiC1VCbma8t6iMexZerqLa",
      "version": "5.23.0",
      "dependencies": {},
      "lang": "js",
      "fileLocks": [
        {
          "assetId": "eiC1VCbma8t6iMexZerqLa",
          "type": "projectCss",
          "checksum": "e1ec850476829c38b0f9b6d4f7ac446a"
        },
        {
          "assetId": "eiC1VCbma8t6iMexZerqLa",
          "checksum": "2def64ec49d06aa26baab1064739cbe0",
          "type": "globalContexts"
        }
      ],
      "codegenVersion": "0.0.1"
    },
    {
      "projectId": "xp1p7dmg329XVLHyuEUxD2",
      "version": "11.29.0",
      "dependencies": {},
      "lang": "js",
      "fileLocks": [
        {
          "assetId": "xp1p7dmg329XVLHyuEUxD2",
          "type": "projectCss",
          "checksum": "1b891cf9539f1db972dc4163ae1172e9"
        }
      ],
      "codegenVersion": "0.0.1"
    },
    {
      "projectId": "seaQhLVS4bbjiGvJJrRwyL",
      "version": "15.0.3",
      "dependencies": {},
      "lang": "js",
      "fileLocks": [
        {
          "assetId": "seaQhLVS4bbjiGvJJrRwyL",
          "type": "projectCss",
          "checksum": "8b140f54acb9f4aedf0b769d566851ea"
        }
      ],
      "codegenVersion": "0.0.1"
    },
    {
      "projectId": "vNYHYdba5dDm6wfqFaSoQa",
      "version": "latest",
      "dependencies": {
        "seaQhLVS4bbjiGvJJrRwyL": "15.0.3",
        "xp1p7dmg329XVLHyuEUxD2": "11.29.0",
        "eiC1VCbma8t6iMexZerqLa": "5.23.0"
      },
      "lang": "js",
      "fileLocks": [
        {
          "type": "globalVariant",
          "assetId": "WIvKq52ZWu34",
          "checksum": "799ca3ff5527ea08770829f30c3cc0a0"
        },
        {
          "assetId": "vNYHYdba5dDm6wfqFaSoQa",
          "type": "projectCss",
          "checksum": "ee70a2b81c105f6b31e508034e158999"
        },
        {
          "assetId": "vNYHYdba5dDm6wfqFaSoQa",
          "checksum": "d1d6f841ade794afd40277558d21d811",
          "type": "globalContexts"
        },
        {
          "type": "renderModule",
          "assetId": "52hQKlNbNjEe",
          "checksum": "0d5d5e3378d5bd1e60b03d204868220f"
        },
        {
          "type": "cssRules",
          "assetId": "52hQKlNbNjEe",
          "checksum": "0d5d5e3378d5bd1e60b03d204868220f"
        },
        {
          "type": "renderModule",
          "assetId": "RqdZFOU7xxIy",
          "checksum": "cc4438be01169b1d50fbd7b232260404"
        },
        {
          "type": "cssRules",
          "assetId": "RqdZFOU7xxIy",
          "checksum": "cc4438be01169b1d50fbd7b232260404"
        },
        {
          "type": "renderModule",
          "assetId": "teNxxVAntSrp",
          "checksum": "3d08baf269b7df54222704b550f1d687"
        },
        {
          "type": "cssRules",
          "assetId": "teNxxVAntSrp",
          "checksum": "3d08baf269b7df54222704b550f1d687"
        },
        {
          "type": "renderModule",
          "assetId": "eLMfPBLHlWhr",
          "checksum": "3f039c17f0b7515ab4431ec62e1a257b"
        },
        {
          "type": "cssRules",
          "assetId": "eLMfPBLHlWhr",
          "checksum": "3f039c17f0b7515ab4431ec62e1a257b"
        },
        {
          "type": "renderModule",
          "assetId": "luLruh3ZQaYT",
          "checksum": "4fff16cc7d7120d7c61df88b2d05f581"
        },
        {
          "type": "cssRules",
          "assetId": "luLruh3ZQaYT",
          "checksum": "4fff16cc7d7120d7c61df88b2d05f581"
        },
        {
          "type": "renderModule",
          "assetId": "6vEjUyLNvQQ4",
          "checksum": "8f7763410dbe714f49bdcd59ca1501e6"
        },
        {
          "type": "cssRules",
          "assetId": "6vEjUyLNvQQ4",
          "checksum": "8f7763410dbe714f49bdcd59ca1501e6"
        },
        {
          "type": "renderModule",
          "assetId": "MBWgER5ex-gd",
          "checksum": "26052490829f644b685d617e4eded24e"
        },
        {
          "type": "cssRules",
          "assetId": "MBWgER5ex-gd",
          "checksum": "26052490829f644b685d617e4eded24e"
        },
        {
          "type": "renderModule",
          "assetId": "urVVrEAjQyoZ",
          "checksum": "75e934691b9b4afcc70cb0fa7e8a7ade"
        },
        {
          "type": "cssRules",
          "assetId": "urVVrEAjQyoZ",
          "checksum": "75e934691b9b4afcc70cb0fa7e8a7ade"
        },
        {
          "type": "renderModule",
          "assetId": "9UUCJIhfOozi",
          "checksum": "3892f9592dd421990655e2c67e0394cd"
        },
        {
          "type": "cssRules",
          "assetId": "9UUCJIhfOozi",
          "checksum": "3892f9592dd421990655e2c67e0394cd"
        },
        {
          "type": "renderModule",
          "assetId": "5s29WsEddxfu",
          "checksum": "8c583e5245903bb065bbd1368b4760af"
        },
        {
          "type": "cssRules",
          "assetId": "5s29WsEddxfu",
          "checksum": "8c583e5245903bb065bbd1368b4760af"
        },
        {
          "type": "renderModule",
          "assetId": "CrcwKld3WEeO",
          "checksum": "299644a0aeb72c4c9cfbc325f98a2d85"
        },
        {
          "type": "cssRules",
          "assetId": "CrcwKld3WEeO",
          "checksum": "299644a0aeb72c4c9cfbc325f98a2d85"
        },
        {
          "type": "icon",
          "assetId": "JpTbBLhgpaUJ",
          "checksum": "0da39af2a517f3ccc1880073c39e2d42"
        },
        {
          "type": "icon",
          "assetId": "9_GL8XWwZ-q5",
          "checksum": "0c242b6d14928dfd1dcefa046172d4aa"
        },
        {
          "type": "icon",
          "assetId": "q3XUa0zBBzVx",
          "checksum": "58bfd30d4f16572e9c29aaa725dfc182"
        },
        {
          "type": "icon",
          "assetId": "CNRXQM7Iwv3t",
          "checksum": "9800334ce8efd02e5461cce2523f6ed7"
        },
        {
          "type": "icon",
          "assetId": "QGtrb5yjk4MH",
          "checksum": "d9b24e41093630ccf99c1b1b144f4efa"
        },
        {
          "type": "icon",
          "assetId": "l_Ybf8SMrJ2E",
          "checksum": "c49a7093954f4cb79b332ba401a447a5"
        },
        {
          "type": "icon",
          "assetId": "SpF6NaieHCnM",
          "checksum": "6fb2f677e8d8e42a072b160ca31f98dd"
        },
        {
          "type": "icon",
          "assetId": "RkzRoSopMXtY",
          "checksum": "2dda244d89899a416dbc629d91f4a45c"
        },
        {
          "type": "icon",
          "assetId": "RPhN3LzRCM0t",
          "checksum": "0a029ed4062a50a4e597b2e07db1f704"
        },
        {
          "type": "icon",
          "assetId": "duJnv-JqudkJ",
          "checksum": "5fde3e5fd10ed1529ea7bd6f22ef1c9d"
        },
        {
          "type": "icon",
          "assetId": "xazIrTCWeuEW",
          "checksum": "6b8d9528faa67bc9bf64b6d801d6eb93"
        },
        {
          "type": "icon",
          "assetId": "MKrraTtTSHCg",
          "checksum": "5356aeae7f269e748007d6ac689c8e44"
        },
        {
          "type": "icon",
          "assetId": "qRer315GXg-3",
          "checksum": "2c7a6bbcad368e17934b20658e1928d2"
        },
        {
          "type": "icon",
          "assetId": "hM8jhQYP1Igk",
          "checksum": "c57ffa66f818fd8f0292aae75af98a01"
        },
        {
          "type": "icon",
          "assetId": "am99onfItBDy",
          "checksum": "ddcd2f4fbc4b27b588ed34eaa4862fed"
        },
        {
          "type": "icon",
          "assetId": "HMeuGOtCs6PN",
          "checksum": "266dded6f03f40ca7b51af3d0084cc88"
        },
        {
          "type": "icon",
          "assetId": "hnGxlFHfWsc7",
          "checksum": "1b1e11f5a70802151f6af1ebda0709db"
        },
        {
          "type": "image",
          "assetId": "AZlUCET1wER-",
          "checksum": "c8f11b78f4640f8f43265c58ced2c10c"
        },
        {
          "type": "image",
          "assetId": "t-i5UT6hdo8t",
          "checksum": "6852b64b0f58aa2d0f65ccc82c157204"
        },
        {
          "type": "image",
          "assetId": "Lx0nPh3MFCix",
          "checksum": "4b8122a1db9d55431cd7fb57b33025e9"
        },
        {
          "type": "image",
          "assetId": "6yuVQAlbB9x4",
          "checksum": "cf2922275974c0ac559a042c023e585e"
        },
        {
          "type": "image",
          "assetId": "1zpjB6GonaXf",
          "checksum": "0228b6ff2cddef5ded277e73de6f8f78"
        },
        {
          "type": "image",
          "assetId": "7Lw4JjjdT5CQ",
          "checksum": "ad2f588f7eff23dda03b476f27aa0320"
        },
        {
          "type": "image",
          "assetId": "CmGowAHGn_un",
          "checksum": "9f72ee9b228bb9cf5d07daccdca88d34"
        },
        {
          "type": "image",
          "assetId": "fVeKEWtkYRFt",
          "checksum": "d4c9125781075f653b8e327f9fe2f012"
        },
        {
          "type": "image",
          "assetId": "SDeHB7goSYj4",
          "checksum": "e52c24435fd1b57381b03ce0a973c9c4"
        },
        {
          "type": "image",
          "assetId": "q4YujfPxckbc",
          "checksum": "ccb928ccd7af48557ae052a6ac3091d9"
        },
        {
          "type": "image",
          "assetId": "wspu3h6RQt-X",
          "checksum": "7ac646586ccdf1af889508110381f6b7"
        },
        {
          "type": "image",
          "assetId": "XOGEl47surUG",
          "checksum": "fae1c6d6f72591f177a34dd3f001ac1d"
        },
        {
          "type": "image",
          "assetId": "MEgB6m5us_GL",
          "checksum": "4452fa2e5238c316181cf7f13cc67227"
        },
        {
          "type": "image",
          "assetId": "bNsT3r_4eGGP",
          "checksum": "343eefa1805150f4900ca3f73095fb1d"
        },
        {
          "type": "image",
          "assetId": "nK5K7Hy9nQiy",
          "checksum": "0bd7a2dcf91c3f443d8e740cb2a4f77e"
        },
        {
          "type": "image",
          "assetId": "fCo9uE7NARDp",
          "checksum": "694ef12e440d27940d3789ddc1a72575"
        },
        {
          "type": "image",
          "assetId": "Eqfdd8WK4Yvc",
          "checksum": "43edbbf7d58575f2e69b178c2bceea3f"
        },
        {
          "type": "image",
          "assetId": "fONktN9NDgDC",
          "checksum": "39c16bf169cb4a726e4b7db55bbe7357"
        },
        {
          "type": "image",
          "assetId": "4EkRjs43iPKo",
          "checksum": "d089d0a518423eaed130f4f427121bcb"
        },
        {
          "type": "image",
          "assetId": "QIKMnuzDF69e",
          "checksum": "39427c40948808b8c74fd73f1acbcc8e"
        },
        {
          "type": "image",
          "assetId": "-y_ajVSuslJo",
          "checksum": "8b6203a53fc0b437d08cafc973ad0d82"
        },
        {
          "type": "image",
          "assetId": "IhDU_2aB2tvo",
          "checksum": "2da0c5b5cbf422cf1ea396e50a56c3f5"
        },
        {
          "type": "image",
          "assetId": "IDC3RBcLVCj1",
          "checksum": "55d12794ddc9b78c98a9197ad0cb2ae7"
        },
        {
          "type": "image",
          "assetId": "aNQ-IZ-DrL2t",
          "checksum": "876caa1a216af31668cf21fb4fff4250"
        },
        {
          "type": "image",
          "assetId": "bkXQClAHWcXD",
          "checksum": "9e88691710e157b6d5cca80a6ede6640"
        }
      ],
      "codegenVersion": "0.0.1"
    }
  ],
  "cliVersion": "0.1.325"
}
